
Microsoft Visual Studio Solution File, Format Version 12.00
# Visual Studio 15
Project("{FAE04EC0-301F-11D3-BF4B-00C04F79EFBC}") = "Assembly-CSharp-firstpass", "Assembly-CSharp-firstpass.csproj", "{3AADA7E2-E089-779C-43FA-67208171EA60}"
EndProject
Project("{FAE04EC0-301F-11D3-BF4B-00C04F79EFBC}") = "Assembly-CSharp", "Assembly-CSharp.csproj", "{E098DA78-DE30-4270-ED76-B1353D607DAD}"
EndProject
Global
	GlobalSection(SolutionConfigurationPlatforms) = preSolution
		Debug|Any CPU = Debug|Any CPU
		Release|Any CPU = Release|Any CPU
	EndGlobalSection
	GlobalSection(ProjectConfigurationPlatforms) = postSolution
		{3AADA7E2-E089-779C-43FA-67208171EA60}.Debug|Any CPU.ActiveCfg = Debug|Any CPU
		{3AADA7E2-E089-779C-43FA-67208171EA60}.Debug|Any CPU.Build.0 = Debug|Any CPU
		{3AADA7E2-E089-779C-43FA-67208171EA60}.Release|Any CPU.ActiveCfg = Release|Any CPU
		{3AADA7E2-E089-779C-43FA-67208171EA60}.Release|Any CPU.Build.0 = Release|Any CPU
		{E098DA78-DE30-4270-ED76-B1353D607DAD}.Debug|Any CPU.ActiveCfg = Debug|Any CPU
		{E098DA78-DE30-4270-ED76-B1353D607DAD}.Debug|Any CPU.Build.0 = Debug|Any CPU
		{E098DA78-DE30-4270-ED76-B1353D607DAD}.Release|Any CPU.ActiveCfg = Release|Any CPU
		{E098DA78-DE30-4270-ED76-B1353D607DAD}.Release|Any CPU.Build.0 = Release|Any CPU
	EndGlobalSection
	GlobalSection(SolutionProperties) = preSolution
		HideSolutionNode = FALSE
	EndGlobalSection
EndGlobal
